
Microsoft Visual Studio Solution File, Format Version 12.00
# Visual Studio Version 17
VisualStudioVersion = 17.5.002.0
MinimumVisualStudioVersion = 10.0.40219.1
Project("{9A19103F-16F7-4668-BE54-9A1E7A4F7556}") = "Pratik7-WhilePratikleri", "Pratik7-WhilePratikleri.csproj", "{2DF67690-ED9A-475C-9F9E-4F653A774F44}"
EndProject
Global
	GlobalSection(SolutionConfigurationPlatforms) = preSolution
		Debug|Any CPU = Debug|Any CPU
		Release|Any CPU = Release|Any CPU
	EndGlobalSection
	GlobalSection(ProjectConfigurationPlatforms) = postSolution
		{2DF67690-ED9A-475C-9F9E-4F653A774F44}.Debug|Any CPU.ActiveCfg = Debug|Any CPU
		{2DF67690-ED9A-475C-9F9E-4F653A774F44}.Debug|Any CPU.Build.0 = Debug|Any CPU
		{2DF67690-ED9A-475C-9F9E-4F653A774F44}.Release|Any CPU.ActiveCfg = Release|Any CPU
		{2DF67690-ED9A-475C-9F9E-4F653A774F44}.Release|Any CPU.Build.0 = Release|Any CPU
	EndGlobalSection
	GlobalSection(SolutionProperties) = preSolution
		HideSolutionNode = FALSE
	EndGlobalSection
	GlobalSection(ExtensibilityGlobals) = postSolution
		SolutionGuid = {C73F3DCB-01F4-419F-A63B-47DEDB987250}
	EndGlobalSection
EndGlobal
